
Microsoft Visual Studio Solution File, Format Version 12.00
# Visual Studio Version 17
VisualStudioVersion = 17.5.33530.505
MinimumVisualStudioVersion = 10.0.40219.1
Project("{FAE04EC0-301F-11D3-BF4B-00C04F79EFBC}") = "ExpertInterface", "ExpertInterface\ExpertInterface.csproj", "{D69B5096-8E1B-49C5-B237-8BC43AFD103B}"
EndProject
Global
	GlobalSection(SolutionConfigurationPlatforms) = preSolution
		Debug|Any CPU = Debug|Any CPU
		Release|Any CPU = Release|Any CPU
	EndGlobalSection
	GlobalSection(ProjectConfigurationPlatforms) = postSolution
		{D69B5096-8E1B-49C5-B237-8BC43AFD103B}.Debug|Any CPU.ActiveCfg = Debug|Any CPU
		{D69B5096-8E1B-49C5-B237-8BC43AFD103B}.Debug|Any CPU.Build.0 = Debug|Any CPU
		{D69B5096-8E1B-49C5-B237-8BC43AFD103B}.Release|Any CPU.ActiveCfg = Release|Any CPU
		{D69B5096-8E1B-49C5-B237-8BC43AFD103B}.Release|Any CPU.Build.0 = Release|Any CPU
	EndGlobalSection
	GlobalSection(SolutionProperties) = preSolution
		HideSolutionNode = FALSE
	EndGlobalSection
	GlobalSection(ExtensibilityGlobals) = postSolution
		SolutionGuid = {FEF463A1-F1CE-4047-AA0F-2BB8E6195829}
	EndGlobalSection
EndGlobal
